
Microsoft Visual Studio Solution File, Format Version 12.00
# Visual Studio Version 16
VisualStudioVersion = 16.0.31105.61
MinimumVisualStudioVersion = 10.0.40219.1
Project("{FAE04EC0-301F-11D3-BF4B-00C04F79EFBC}") = "RobloxAPI", "RobloxAPI\RobloxAPI.csproj", "{48E5706A-8DC1-45B7-A1B7-A11286AAE5E9}"
EndProject
Project("{FAE04EC0-301F-11D3-BF4B-00C04F79EFBC}") = "A_TEST_UI", "A_TEST_UI\A_TEST_UI.csproj", "{3A5CC0D4-1193-41EA-A5D2-BBF0F88EE0C8}"
EndProject
Global
	GlobalSection(SolutionConfigurationPlatforms) = preSolution
		Debug|Any CPU = Debug|Any CPU
		Release|Any CPU = Release|Any CPU
	EndGlobalSection
	GlobalSection(ProjectConfigurationPlatforms) = postSolution
		{48E5706A-8DC1-45B7-A1B7-A11286AAE5E9}.Debug|Any CPU.ActiveCfg = Debug|Any CPU
		{48E5706A-8DC1-45B7-A1B7-A11286AAE5E9}.Debug|Any CPU.Build.0 = Debug|Any CPU
		{48E5706A-8DC1-45B7-A1B7-A11286AAE5E9}.Release|Any CPU.ActiveCfg = Release|Any CPU
		{48E5706A-8DC1-45B7-A1B7-A11286AAE5E9}.Release|Any CPU.Build.0 = Release|Any CPU
		{3A5CC0D4-1193-41EA-A5D2-BBF0F88EE0C8}.Debug|Any CPU.ActiveCfg = Debug|Any CPU
		{3A5CC0D4-1193-41EA-A5D2-BBF0F88EE0C8}.Debug|Any CPU.Build.0 = Debug|Any CPU
		{3A5CC0D4-1193-41EA-A5D2-BBF0F88EE0C8}.Release|Any CPU.ActiveCfg = Release|Any CPU
		{3A5CC0D4-1193-41EA-A5D2-BBF0F88EE0C8}.Release|Any CPU.Build.0 = Release|Any CPU
	EndGlobalSection
	GlobalSection(SolutionProperties) = preSolution
		HideSolutionNode = FALSE
	EndGlobalSection
	GlobalSection(ExtensibilityGlobals) = postSolution
		SolutionGuid = {54D097A5-5E64-4717-91DF-383C32D7118B}
	EndGlobalSection
EndGlobal
